
Microsoft Visual Studio Solution File, Format Version 12.00
# Visual Studio Version 17
VisualStudioVersion = 17.13.35806.99 d17.13
MinimumVisualStudioVersion = 10.0.40219.1
Project("{FAE04EC0-301F-11D3-BF4B-00C04F79EFBC}") = "CDCL20250319.AppWebMVC", "CDCL20250319.AppWebMVC\CDCL20250319.AppWebMVC.csproj", "{CCE920AD-D133-4FCD-8A84-F3B89EE0BBAD}"
EndProject
Global
	GlobalSection(SolutionConfigurationPlatforms) = preSolution
		Debug|Any CPU = Debug|Any CPU
		Release|Any CPU = Release|Any CPU
	EndGlobalSection
	GlobalSection(ProjectConfigurationPlatforms) = postSolution
		{CCE920AD-D133-4FCD-8A84-F3B89EE0BBAD}.Debug|Any CPU.ActiveCfg = Debug|Any CPU
		{CCE920AD-D133-4FCD-8A84-F3B89EE0BBAD}.Debug|Any CPU.Build.0 = Debug|Any CPU
		{CCE920AD-D133-4FCD-8A84-F3B89EE0BBAD}.Release|Any CPU.ActiveCfg = Release|Any CPU
		{CCE920AD-D133-4FCD-8A84-F3B89EE0BBAD}.Release|Any CPU.Build.0 = Release|Any CPU
	EndGlobalSection
	GlobalSection(SolutionProperties) = preSolution
		HideSolutionNode = FALSE
	EndGlobalSection
	GlobalSection(ExtensibilityGlobals) = postSolution
		SolutionGuid = {1C25A46B-5094-4FA9-BE85-BE0026AD0F2F}
	EndGlobalSection
EndGlobal
